
Microsoft Visual Studio Solution File, Format Version 12.00
# Visual Studio Version 17
VisualStudioVersion = 17.7.34031.279
MinimumVisualStudioVersion = 10.0.40219.1
Project("{8BC9CEB8-8B4A-11D0-8D11-00A0C91BC942}") = "oop_2.4", "oop_2.4\oop_2.4.vcxproj", "{5F636F6B-ED8C-4061-9672-90245D59B7F3}"
EndProject
Project("{8BC9CEB8-8B4A-11D0-8D11-00A0C91BC942}") = "UnitTest1", "UnitTest1\UnitTest1.vcxproj", "{5BDBADC7-6277-4A32-89D1-8266B7CDEE43}"
EndProject
Global
	GlobalSection(SolutionConfigurationPlatforms) = preSolution
		Debug|x64 = Debug|x64
		Debug|x86 = Debug|x86
		Release|x64 = Release|x64
		Release|x86 = Release|x86
	EndGlobalSection
	GlobalSection(ProjectConfigurationPlatforms) = postSolution
		{5F636F6B-ED8C-4061-9672-90245D59B7F3}.Debug|x64.ActiveCfg = Debug|x64
		{5F636F6B-ED8C-4061-9672-90245D59B7F3}.Debug|x64.Build.0 = Debug|x64
		{5F636F6B-ED8C-4061-9672-90245D59B7F3}.Debug|x86.ActiveCfg = Debug|Win32
		{5F636F6B-ED8C-4061-9672-90245D59B7F3}.Debug|x86.Build.0 = Debug|Win32
		{5F636F6B-ED8C-4061-9672-90245D59B7F3}.Release|x64.ActiveCfg = Release|x64
		{5F636F6B-ED8C-4061-9672-90245D59B7F3}.Release|x64.Build.0 = Release|x64
		{5F636F6B-ED8C-4061-9672-90245D59B7F3}.Release|x86.ActiveCfg = Release|Win32
		{5F636F6B-ED8C-4061-9672-90245D59B7F3}.Release|x86.Build.0 = Release|Win32
		{5BDBADC7-6277-4A32-89D1-8266B7CDEE43}.Debug|x64.ActiveCfg = Debug|x64
		{5BDBADC7-6277-4A32-89D1-8266B7CDEE43}.Debug|x64.Build.0 = Debug|x64
		{5BDBADC7-6277-4A32-89D1-8266B7CDEE43}.Debug|x86.ActiveCfg = Debug|Win32
		{5BDBADC7-6277-4A32-89D1-8266B7CDEE43}.Debug|x86.Build.0 = Debug|Win32
		{5BDBADC7-6277-4A32-89D1-8266B7CDEE43}.Release|x64.ActiveCfg = Release|x64
		{5BDBADC7-6277-4A32-89D1-8266B7CDEE43}.Release|x64.Build.0 = Release|x64
		{5BDBADC7-6277-4A32-89D1-8266B7CDEE43}.Release|x86.ActiveCfg = Release|Win32
		{5BDBADC7-6277-4A32-89D1-8266B7CDEE43}.Release|x86.Build.0 = Release|Win32
	EndGlobalSection
	GlobalSection(SolutionProperties) = preSolution
		HideSolutionNode = FALSE
	EndGlobalSection
	GlobalSection(ExtensibilityGlobals) = postSolution
		SolutionGuid = {07DB85EF-E528-4939-BA5C-D802B6AE7194}
	EndGlobalSection
EndGlobal
